// !$*UTF8*$!
{
	archiveVersion = 1;
	classes = {
	};
	objectVersion = 50;
	objects = {

/* Begin PBXBuildFile section */
		AD2E043B219BBC9900763B2F /* Settings.bundle in Resources */ = {isa = PBXBuildFile; fileRef = AD2E043A219BBC9900763B2F /* Settings.bundle */; };
		AD48573121853B99005CAEBF /* AppDelegate.swift in Sources */ = {isa = PBXBuildFile; fileRef = AD48573021853B99005CAEBF /* AppDelegate.swift */; };
		AD48573321853B99005CAEBF /* ViewController.swift in Sources */ = {isa = PBXBuildFile; fileRef = AD48573221853B99005CAEBF /* ViewController.swift */; };
		AD48573621853B99005CAEBF /* Main.storyboard in Resources */ = {isa = PBXBuildFile; fileRef = AD48573421853B99005CAEBF /* Main.storyboard */; };
		AD48573821853B9B005CAEBF /* Assets.xcassets in Resources */ = {isa = PBXBuildFile; fileRef = AD48573721853B9B005CAEBF /* Assets.xcassets */; };
		AD48573B21853B9B005CAEBF /* LaunchScreen.storyboard in Resources */ = {isa = PBXBuildFile; fileRef = AD48573921853B9B005CAEBF /* LaunchScreen.storyboard */; };
		AD48574521855185005CAEBF /* QuizViewCell.swift in Sources */ = {isa = PBXBuildFile; fileRef = AD48574421855185005CAEBF /* QuizViewCell.swift */; };
		AD618FCD2197AEEC00764870 /* AnswerViewController.swift in Sources */ = {isa = PBXBuildFile; fileRef = AD618FCC2197AEEC00764870 /* AnswerViewController.swift */; };
		AD618FCF2197B59900764870 /* ScoreViewController.swift in Sources */ = {isa = PBXBuildFile; fileRef = AD618FCE2197B59900764870 /* ScoreViewController.swift */; };
		AD618FD121990EA000764870 /* NetworkConnection.swift in Sources */ = {isa = PBXBuildFile; fileRef = AD618FD021990E9F00764870 /* NetworkConnection.swift */; };
		ADE0C205218FEE8B003903EA /* QuestionViewController.swift in Sources */ = {isa = PBXBuildFile; fileRef = ADE0C204218FEE8B003903EA /* QuestionViewController.swift */; };
		ADE0C207218FEF5A003903EA /* AppData.swift in Sources */ = {isa = PBXBuildFile; fileRef = ADE0C206218FEF5A003903EA /* AppData.swift */; };
/* End PBXBuildFile section */

/* Begin PBXFileReference section */
		AD2E043A219BBC9900763B2F /* Settings.bundle */ = {isa = PBXFileReference; lastKnownFileType = "wrapper.plug-in"; path = Settings.bundle; sourceTree = "<group>"; };
		AD48572D21853B99005CAEBF /* iQuiz.app */ = {isa = PBXFileReference; explicitFileType = wrapper.application; includeInIndex = 0; path = iQuiz.app; sourceTree = BUILT_PRODUCTS_DIR; };
		AD48573021853B99005CAEBF /* AppDelegate.swift */ = {isa = PBXFileReference; lastKnownFileType = sourcecode.swift; path = AppDelegate.swift; sourceTree = "<group>"; };
		AD48573221853B99005CAEBF /* ViewController.swift */ = {isa = PBXFileReference; lastKnownFileType = sourcecode.swift; path = ViewController.swift; sourceTree = "<group>"; };
		AD48573521853B99005CAEBF /* Base */ = {isa = PBXFileReference; lastKnownFileType = file.storyboard; name = Base; path = Base.lproj/Main.storyboard; sourceTree = "<group>"; };
		AD48573721853B9B005CAEBF /* Assets.xcassets */ = {isa = PBXFileReference; lastKnownFileType = folder.assetcatalog; path = Assets.xcassets; sourceTree = "<group>"; };
		AD48573A21853B9B005CAEBF /* Base */ = {isa = PBXFileReference; lastKnownFileType = file.storyboard; name = Base; path = Base.lproj/LaunchScreen.storyboard; sourceTree = "<group>"; };
		AD48573C21853B9B005CAEBF /* Info.plist */ = {isa = PBXFileReference; lastKnownFileType = text.plist.xml; path = Info.plist; sourceTree = "<group>"; };
		AD48574421855185005CAEBF /* QuizViewCell.swift */ = {isa = PBXFileReference; lastKnownFileType = sourcecode.swift; path = QuizViewCell.swift; sourceTree = "<group>"; };
		AD618FCC2197AEEC00764870 /* AnswerViewController.swift */ = {isa = PBXFileReference; lastKnownFileType = sourcecode.swift; path = AnswerViewController.swift; sourceTree = "<group>"; };
		AD618FCE2197B59900764870 /* ScoreViewController.swift */ = {isa = PBXFileReference; lastKnownFileType = sourcecode.swift; path = ScoreViewController.swift; sourceTree = "<group>"; };
		AD618FD021990E9F00764870 /* NetworkConnection.swift */ = {isa = PBXFileReference; lastKnownFileType = sourcecode.swift; path = NetworkConnection.swift; sourceTree = "<group>"; };
		ADE0C204218FEE8B003903EA /* QuestionViewController.swift */ = {isa = PBXFileReference; lastKnownFileType = sourcecode.swift; path = QuestionViewController.swift; sourceTree = "<group>"; };
		ADE0C206218FEF5A003903EA /* AppData.swift */ = {isa = PBXFileReference; lastKnownFileType = sourcecode.swift; path = AppData.swift; sourceTree = "<group>"; };
/* End PBXFileReference section */

/* Begin PBXFrameworksBuildPhase section */
		AD48572A21853B99005CAEBF /* Frameworks */ = {
			isa = PBXFrameworksBuildPhase;
			buildActionMask = 2147483647;
			files = (
			);
			runOnlyForDeploymentPostprocessing = 0;
		};
/* End PBXFrameworksBuildPhase section */

/* Begin PBXGroup section */
		AD48572421853B99005CAEBF = {
			isa = PBXGroup;
			children = (
				AD48572F21853B99005CAEBF /* iQuiz */,
				AD48572E21853B99005CAEBF /* Products */,
			);
			sourceTree = "<group>";
		};
		AD48572E21853B99005CAEBF /* Products */ = {
			isa = PBXGroup;
			children = (
				AD48572D21853B99005CAEBF /* iQuiz.app */,
			);
			name = Products;
			sourceTree = "<group>";
		};
		AD48572F21853B99005CAEBF /* iQuiz */ = {
			isa = PBXGroup;
			children = (
				AD48574421855185005CAEBF /* QuizViewCell.swift */,
				AD48573021853B99005CAEBF /* AppDelegate.swift */,
				AD48573221853B99005CAEBF /* ViewController.swift */,
				ADE0C206218FEF5A003903EA /* AppData.swift */,
				AD2E043A219BBC9900763B2F /* Settings.bundle */,
				ADE0C204218FEE8B003903EA /* QuestionViewController.swift */,
				AD618FCC2197AEEC00764870 /* AnswerViewController.swift */,
				AD618FCE2197B59900764870 /* ScoreViewController.swift */,
				AD618FD021990E9F00764870 /* NetworkConnection.swift */,
				AD48573421853B99005CAEBF /* Main.storyboard */,
				AD48573721853B9B005CAEBF /* Assets.xcassets */,
				AD48573921853B9B005CAEBF /* LaunchScreen.storyboard */,
				AD48573C21853B9B005CAEBF /* Info.plist */,
			);
			path = iQuiz;
			sourceTree = "<group>";
		};
/* End PBXGroup section */

/* Begin PBXNativeTarget section */
		AD48572C21853B99005CAEBF /* iQuiz */ = {
			isa = PBXNativeTarget;
			buildConfigurationList = AD48573F21853B9B005CAEBF /* Build configuration list for PBXNativeTarget "iQuiz" */;
			buildPhases = (
				AD48572921853B99005CAEBF /* Sources */,
				AD48572A21853B99005CAEBF /* Frameworks */,
				AD48572B21853B99005CAEBF /* Resources */,
			);
			buildRules = (
			);
			dependencies = (
			);
			name = iQuiz;
			productName = iQuiz;
			productReference = AD48572D21853B99005CAEBF /* iQuiz.app */;
			productType = "com.apple.product-type.application";
		};
/* End PBXNativeTarget section */

/* Begin PBXProject section */
		AD48572521853B99005CAEBF /* Project object */ = {
			isa = PBXProject;
			attributes = {
				LastSwiftUpdateCheck = 1000;
				LastUpgradeCheck = 1000;
				ORGANIZATIONNAME = "Anirudh Subramanyam";
				TargetAttributes = {
					AD48572C21853B99005CAEBF = {
						CreatedOnToolsVersion = 10.0;
					};
				};
			};
			buildConfigurationList = AD48572821853B99005CAEBF /* Build configuration list for PBXProject "iQuiz" */;
			compatibilityVersion = "Xcode 9.3";
			developmentRegion = en;
			hasScannedForEncodings = 0;
			knownRegions = (
				en,
				Base,
			);
			mainGroup = AD48572421853B99005CAEBF;
			productRefGroup = AD48572E21853B99005CAEBF /* Products */;
			projectDirPath = "";
			projectRoot = "";
			targets = (
				AD48572C21853B99005CAEBF /* iQuiz */,
			);
		};
/* End PBXProject section */

/* Begin PBXResourcesBuildPhase section */
		AD48572B21853B99005CAEBF /* Resources */ = {
			isa = PBXResourcesBuildPhase;
			buildActionMask = 2147483647;
			files = (
				AD2E043B219BBC9900763B2F /* Settings.bundle in Resources */,
				AD48573B21853B9B005CAEBF /* LaunchScreen.storyboard in Resources */,
				AD48573821853B9B005CAEBF /* Assets.xcassets in Resources */,
				AD48573621853B99005CAEBF /* Main.storyboard in Resources */,
			);
			runOnlyForDeploymentPostprocessing = 0;
		};
/* End PBXResourcesBuildPhase section */

/* Begin PBXSourcesBuildPhase section */
		AD48572921853B99005CAEBF /* Sources */ = {
			isa = PBXSourcesBuildPhase;
			buildActionMask = 2147483647;
			files = (
				AD618FCF2197B59900764870 /* ScoreViewController.swift in Sources */,
				AD618FCD2197AEEC00764870 /* AnswerViewController.swift in Sources */,
				AD48573321853B99005CAEBF /* ViewController.swift in Sources */,
				AD48573121853B99005CAEBF /* AppDelegate.swift in Sources */,
				AD618FD121990EA000764870 /* NetworkConnection.swift in Sources */,
				ADE0C205218FEE8B003903EA /* QuestionViewController.swift in Sources */,
				AD48574521855185005CAEBF /* QuizViewCell.swift in Sources */,
				ADE0C207218FEF5A003903EA /* AppData.swift in Sources */,
			);
			runOnlyForDeploymentPostprocessing = 0;
		};
/* End PBXSourcesBuildPhase section */

/* Begin PBXVariantGroup section */
		AD48573421853B99005CAEBF /* Main.storyboard */ = {
			isa = PBXVariantGroup;
			children = (
				AD48573521853B99005CAEBF /* Base */,
			);
			name = Main.storyboard;
			sourceTree = "<group>";
		};
		AD48573921853B9B005CAEBF /* LaunchScreen.storyboard */ = {
			isa = PBXVariantGroup;
			children = (
				AD48573A21853B9B005CAEBF /* Base */,
			);
			name = LaunchScreen.storyboard;
			sourceTree = "<group>";
		};
/* End PBXVariantGroup section */

/* Begin XCBuildConfiguration section */
		AD48573D21853B9B005CAEBF /* Debug */ = {
			isa = XCBuildConfiguration;
			buildSettings = {
				ALWAYS_SEARCH_USER_PATHS = NO;
				CLANG_ANALYZER_NONNULL = YES;
				CLANG_ANALYZER_NUMBER_OBJECT_CONVERSION = YES_AGGRESSIVE;
				CLANG_CXX_LANGUAGE_STANDARD = "gnu++14";
				CLANG_CXX_LIBRARY = "libc++";
				CLANG_ENABLE_MODULES = YES;
				CLANG_ENABLE_OBJC_ARC = YES;
				CLANG_ENABLE_OBJC_WEAK = YES;
				CLANG_WARN_BLOCK_CAPTURE_AUTORELEASING = YES;
				CLANG_WARN_BOOL_CONVERSION = YES;
				CLANG_WARN_COMMA = YES;
				CLANG_WARN_CONSTANT_CONVERSION = YES;
				CLANG_WARN_DEPRECATED_OBJC_IMPLEMENTATIONS = YES;
				CLANG_WARN_DIRECT_OBJC_ISA_USAGE = YES_ERROR;
				CLANG_WARN_DOCUMENTATION_COMMENTS = YES;
				CLANG_WARN_EMPTY_BODY = YES;
				CLANG_WARN_ENUM_CONVERSION = YES;
				CLANG_WARN_INFINITE_RECURSION = YES;
				CLANG_WARN_INT_CONVERSION = YES;
				CLANG_WARN_NON_LITERAL_NULL_CONVERSION = YES;
				CLANG_WARN_OBJC_IMPLICIT_RETAIN_SELF = YES;
				CLANG_WARN_OBJC_LITERAL_CONVERSION = YES;
				CLANG_WARN_OBJC_ROOT_CLASS = YES_ERROR;
				CLANG_WARN_RANGE_LOOP_ANALYSIS = YES;
				CLANG_WARN_STRICT_PROTOTYPES = YES;
				CLANG_WARN_SUSPICIOUS_MOVE = YES;
				CLANG_WARN_UNGUARDED_AVAILABILITY = YES_AGGRESSIVE;
				CLANG_WARN_UNREACHABLE_CODE = YES;
				CLANG_WARN__DUPLICATE_METHOD_MATCH = YES;
				CODE_SIGN_IDENTITY = "iPhone Developer";
				COPY_PHASE_STRIP = NO;
				DEBUG_INFORMATION_FORMAT = dwarf;
				ENABLE_STRICT_OBJC_MSGSEND = YES;
				ENABLE_TESTABILITY = YES;
				GCC_C_LANGUAGE_STANDARD = gnu11;
				GCC_DYNAMIC_NO_PIC = NO;
				GCC_NO_COMMON_BLOCKS = YES;
				GCC_OPTIMIZATION_LEVEL = 0;
				GCC_PREPROCESSOR_DEFINITIONS = (
					"DEBUG=1",
					"$(inherited)",
				);
				GCC_WARN_64_TO_32_BIT_CONVERSION = YES;
				GCC_WARN_ABOUT_RETURN_TYPE = YES_ERROR;
				GCC_WARN_UNDECLARED_SELECTOR = YES;
				GCC_WARN_UNINITIALIZED_AUTOS = YES_AGGRESSIVE;
				GCC_WARN_UNUSED_FUNCTION = YES;
				GCC_WARN_UNUSED_VARIABLE = YES;
				IPHONEOS_DEPLOYMENT_TARGET = 12.0;
				MTL_ENABLE_DEBUG_INFO = INCLUDE_SOURCE;
				MTL_FAST_MATH = YES;
				ONLY_ACTIVE_ARCH = YES;
				SDKROOT = iphoneos;
				SWIFT_ACTIVE_COMPILATION_CONDITIONS = DEBUG;
				SWIFT_OPTIMIZATION_LEVEL = "-Onone";
			};
			name = Debug;
		};
		AD48573E21853B9B005CAEBF /* Release */ = {
			isa = XCBuildConfiguration;
			buildSettings = {
				ALWAYS_SEARCH_USER_PATHS = NO;
				CLANG_ANALYZER_NONNULL = YES;
				CLANG_ANALYZER_NUMBER_OBJECT_CONVERSION = YES_AGGRESSIVE;
				CLANG_CXX_LANGUAGE_STANDARD = "gnu++14";
				CLANG_CXX_LIBRARY = "libc++";
				CLANG_ENABLE_MODULES = YES;
				CLANG_ENABLE_OBJC_ARC = YES;
				CLANG_ENABLE_OBJC_WEAK = YES;
				CLANG_WARN_BLOCK_CAPTURE_AUTORELEASING = YES;
				CLANG_WARN_BOOL_CONVERSION = YES;
				CLANG_WARN_COMMA = YES;
				CLANG_WARN_CONSTANT_CONVERSION = YES;
				CLANG_WARN_DEPRECATED_OBJC_IMPLEMENTATIONS = YES;
				CLANG_WARN_DIRECT_OBJC_ISA_USAGE = YES_ERROR;
				CLANG_WARN_DOCUMENTATION_COMMENTS = YES;
				CLANG_WARN_EMPTY_BODY = YES;
				CLANG_WARN_ENUM_CONVERSION = YES;
				CLANG_WARN_INFINITE_RECURSION = YES;
				CLANG_WARN_INT_CONVERSION = YES;
				CLANG_WARN_NON_LITERAL_NULL_CONVERSION = YES;
				CLANG_WARN_OBJC_IMPLICIT_RETAIN_SELF = YES;
				CLANG_WARN_OBJC_LITERAL_CONVERSION = YES;
				CLANG_WARN_OBJC_ROOT_CLASS = YES_ERROR;
				CLANG_WARN_RANGE_LOOP_ANALYSIS = YES;
				CLANG_WARN_STRICT_PROTOTYPES = YES;
				CLANG_WARN_SUSPICIOUS_MOVE = YES;
				CLANG_WARN_UNGUARDED_AVAILABILITY = YES_AGGRESSIVE;
				CLANG_WARN_UNREACHABLE_CODE = YES;
				CLANG_WARN__DUPLICATE_METHOD_MATCH = YES;
				CODE_SIGN_IDENTITY = "iPhone Developer";
				COPY_PHASE_STRIP = NO;
				DEBUG_INFORMATION_FORMAT = "dwarf-with-dsym";
				ENABLE_NS_ASSERTIONS = NO;
				ENABLE_STRICT_OBJC_MSGSEND = YES;
				GCC_C_LANGUAGE_STANDARD = gnu11;
				GCC_NO_COMMON_BLOCKS = YES;
				GCC_WARN_64_TO_32_BIT_CONVERSION = YES;
				GCC_WARN_ABOUT_RETURN_TYPE = YES_ERROR;
				GCC_WARN_UNDECLARED_SELECTOR = YES;
				GCC_WARN_UNINITIALIZED_AUTOS = YES_AGGRESSIVE;
				GCC_WARN_UNUSED_FUNCTION = YES;
				GCC_WARN_UNUSED_VARIABLE = YES;
				IPHONEOS_DEPLOYMENT_TARGET = 12.0;
				MTL_ENABLE_DEBUG_INFO = NO;
				MTL_FAST_MATH = YES;
				SDKROOT = iphoneos;
				SWIFT_COMPILATION_MODE = wholemodule;
				SWIFT_OPTIMIZATION_LEVEL = "-O";
				VALIDATE_PRODUCT = YES;
			};
			name = Release;
		};
		AD48574021853B9B005CAEBF /* Debug */ = {
			isa = XCBuildConfiguration;
			buildSettings = {
				ASSETCATALOG_COMPILER_APPICON_NAME = AppIcon;
				CODE_SIGN_STYLE = Automatic;
				DEVELOPMENT_TEAM = 4CKKXHKWS7;
				INFOPLIST_FILE = iQuiz/Info.plist;
				LD_RUNPATH_SEARCH_PATHS = (
					"$(inherited)",
					"@executable_path/Frameworks",
				);
				PRODUCT_BUNDLE_IDENTIFIER = edu.uw.ischool.ask710.iQuiz;
				PRODUCT_NAME = "$(TARGET_NAME)";
				SWIFT_VERSION = 4.2;
				TARGETED_DEVICE_FAMILY = "1,2";
			};
			name = Debug;
		};
		AD48574121853B9B005CAEBF /* Release */ = {
			isa = XCBuildConfiguration;
			buildSettings = {
				ASSETCATALOG_COMPILER_APPICON_NAME = AppIcon;
				CODE_SIGN_STYLE = Automatic;
				DEVELOPMENT_TEAM = 4CKKXHKWS7;
				INFOPLIST_FILE = iQuiz/Info.plist;
				LD_RUNPATH_SEARCH_PATHS = (
					"$(inherited)",
					"@executable_path/Frameworks",
				);
				PRODUCT_BUNDLE_IDENTIFIER = edu.uw.ischool.ask710.iQuiz;
				PRODUCT_NAME = "$(TARGET_NAME)";
				SWIFT_VERSION = 4.2;
				TARGETED_DEVICE_FAMILY = "1,2";
			};
			name = Release;
		};
/* End XCBuildConfiguration section */

/* Begin XCConfigurationList section */
		AD48572821853B99005CAEBF /* Build configuration list for PBXProject "iQuiz" */ = {
			isa = XCConfigurationList;
			buildConfigurations = (
				AD48573D21853B9B005CAEBF /* Debug */,
				AD48573E21853B9B005CAEBF /* Release */,
			);
			defaultConfigurationIsVisible = 0;
			defaultConfigurationName = Release;
		};
		AD48573F21853B9B005CAEBF /* Build configuration list for PBXNativeTarget "iQuiz" */ = {
			isa = XCConfigurationList;
			buildConfigurations = (
				AD48574021853B9B005CAEBF /* Debug */,
				AD48574121853B9B005CAEBF /* Release */,
			);
			defaultConfigurationIsVisible = 0;
			defaultConfigurationName = Release;
		};
/* End XCConfigurationList section */
	};
	rootObject = AD48572521853B99005CAEBF /* Project object */;
}
